
Microsoft Visual Studio Solution File, Format Version 12.00
# Visual Studio Version 17
VisualStudioVersion = 17.9.34728.123
MinimumVisualStudioVersion = 10.0.40219.1
Project("{FAE04EC0-301F-11D3-BF4B-00C04F79EFBC}") = "Formulario C#", "Formulario C#\Formulario C#.csproj", "{4E885F8C-4ACC-4E41-9F65-6B51048A77F9}"
EndProject
Global
	GlobalSection(SolutionConfigurationPlatforms) = preSolution
		Debug|Any CPU = Debug|Any CPU
		Release|Any CPU = Release|Any CPU
	EndGlobalSection
	GlobalSection(ProjectConfigurationPlatforms) = postSolution
		{4E885F8C-4ACC-4E41-9F65-6B51048A77F9}.Debug|Any CPU.ActiveCfg = Debug|Any CPU
		{4E885F8C-4ACC-4E41-9F65-6B51048A77F9}.Debug|Any CPU.Build.0 = Debug|Any CPU
		{4E885F8C-4ACC-4E41-9F65-6B51048A77F9}.Release|Any CPU.ActiveCfg = Release|Any CPU
		{4E885F8C-4ACC-4E41-9F65-6B51048A77F9}.Release|Any CPU.Build.0 = Release|Any CPU
	EndGlobalSection
	GlobalSection(SolutionProperties) = preSolution
		HideSolutionNode = FALSE
	EndGlobalSection
	GlobalSection(ExtensibilityGlobals) = postSolution
		SolutionGuid = {0D3241D2-968F-4DD2-8438-AF6C4A8D4A61}
	EndGlobalSection
EndGlobal
